
Microsoft Visual Studio Solution File, Format Version 12.00
# Visual Studio 14
VisualStudioVersion = 14.0.25420.1
MinimumVisualStudioVersion = 10.0.40219.1
Project("{FAE04EC0-301F-11D3-BF4B-00C04F79EFBC}") = "example01", "example01\example01.csproj", "{3F2EF002-3FD2-4483-A335-ECE1FB27C5E9}"
EndProject
Project("{FAE04EC0-301F-11D3-BF4B-00C04F79EFBC}") = "DALibrary1", "DALibrary1\DALibrary1.csproj", "{FE9C58C8-0565-4FA3-AF4C-73B857FF6F32}"
EndProject
Global
	GlobalSection(SolutionConfigurationPlatforms) = preSolution
		Debug|Any CPU = Debug|Any CPU
		Release|Any CPU = Release|Any CPU
	EndGlobalSection
	GlobalSection(ProjectConfigurationPlatforms) = postSolution
		{3F2EF002-3FD2-4483-A335-ECE1FB27C5E9}.Debug|Any CPU.ActiveCfg = Debug|Any CPU
		{3F2EF002-3FD2-4483-A335-ECE1FB27C5E9}.Debug|Any CPU.Build.0 = Debug|Any CPU
		{3F2EF002-3FD2-4483-A335-ECE1FB27C5E9}.Release|Any CPU.ActiveCfg = Release|Any CPU
		{3F2EF002-3FD2-4483-A335-ECE1FB27C5E9}.Release|Any CPU.Build.0 = Release|Any CPU
		{FE9C58C8-0565-4FA3-AF4C-73B857FF6F32}.Debug|Any CPU.ActiveCfg = Debug|Any CPU
		{FE9C58C8-0565-4FA3-AF4C-73B857FF6F32}.Debug|Any CPU.Build.0 = Debug|Any CPU
		{FE9C58C8-0565-4FA3-AF4C-73B857FF6F32}.Release|Any CPU.ActiveCfg = Release|Any CPU
		{FE9C58C8-0565-4FA3-AF4C-73B857FF6F32}.Release|Any CPU.Build.0 = Release|Any CPU
	EndGlobalSection
	GlobalSection(SolutionProperties) = preSolution
		HideSolutionNode = FALSE
	EndGlobalSection
EndGlobal
